
Microsoft Visual Studio Solution File, Format Version 12.00
# Visual Studio Version 16
VisualStudioVersion = 16.0.810.17
MinimumVisualStudioVersion = 10.0.40219.1
Project("{FAE04EC0-301F-11D3-BF4B-00C04F79EFBC}") = "TechAssignementsISM4300", "TechAssignementsISM4300\TechAssignementsISM4300.csproj", "{A5DF527C-ECB2-4609-A7AA-C34053CFE8BD}"
EndProject
Global
	GlobalSection(SolutionConfigurationPlatforms) = preSolution
		Debug|Any CPU = Debug|Any CPU
		Release|Any CPU = Release|Any CPU
	EndGlobalSection
	GlobalSection(ProjectConfigurationPlatforms) = postSolution
		{A5DF527C-ECB2-4609-A7AA-C34053CFE8BD}.Debug|Any CPU.ActiveCfg = Debug|Any CPU
		{A5DF527C-ECB2-4609-A7AA-C34053CFE8BD}.Debug|Any CPU.Build.0 = Debug|Any CPU
		{A5DF527C-ECB2-4609-A7AA-C34053CFE8BD}.Release|Any CPU.ActiveCfg = Release|Any CPU
		{A5DF527C-ECB2-4609-A7AA-C34053CFE8BD}.Release|Any CPU.Build.0 = Release|Any CPU
	EndGlobalSection
	GlobalSection(SolutionProperties) = preSolution
		HideSolutionNode = FALSE
	EndGlobalSection
	GlobalSection(ExtensibilityGlobals) = postSolution
		SolutionGuid = {405106CF-A150-44F1-8A8F-88D7598CA02B}
	EndGlobalSection
EndGlobal
